// !$*UTF8*$!
{
	archiveVersion = 1;
	classes = {
	};
	objectVersion = 46;
	objects = {

/* Begin PBXBuildFile section */
		906209A51D9BC8D300ADA25A /* AppDelegate.swift in Sources */ = {isa = PBXBuildFile; fileRef = 906209A41D9BC8D300ADA25A /* AppDelegate.swift */; };
		906209A71D9BC8D300ADA25A /* ViewController.swift in Sources */ = {isa = PBXBuildFile; fileRef = 906209A61D9BC8D300ADA25A /* ViewController.swift */; };
		906209AA1D9BC8D300ADA25A /* Main.storyboard in Resources */ = {isa = PBXBuildFile; fileRef = 906209A81D9BC8D300ADA25A /* Main.storyboard */; };
		906209AD1D9BC8D300ADA25A /* Recipez.xcdatamodeld in Sources */ = {isa = PBXBuildFile; fileRef = 906209AB1D9BC8D300ADA25A /* Recipez.xcdatamodeld */; };
		906209AF1D9BC8D300ADA25A /* Assets.xcassets in Resources */ = {isa = PBXBuildFile; fileRef = 906209AE1D9BC8D300ADA25A /* Assets.xcassets */; };
		906209B21D9BC8D300ADA25A /* LaunchScreen.storyboard in Resources */ = {isa = PBXBuildFile; fileRef = 906209B01D9BC8D300ADA25A /* LaunchScreen.storyboard */; };
		906209BE1D9BD5B200ADA25A /* Recipe+CoreDataProperties.swift in Sources */ = {isa = PBXBuildFile; fileRef = 906209BC1D9BD5B200ADA25A /* Recipe+CoreDataProperties.swift */; };
		906209BF1D9BD5B200ADA25A /* Recipe.swift in Sources */ = {isa = PBXBuildFile; fileRef = 906209BD1D9BD5B200ADA25A /* Recipe.swift */; };
		906209C11D9BD89000ADA25A /* RecipeCell.swift in Sources */ = {isa = PBXBuildFile; fileRef = 906209C01D9BD89000ADA25A /* RecipeCell.swift */; };
		906209C31D9BE04600ADA25A /* CreateRecipeVC.swift in Sources */ = {isa = PBXBuildFile; fileRef = 906209C21D9BE04600ADA25A /* CreateRecipeVC.swift */; };
/* End PBXBuildFile section */

/* Begin PBXFileReference section */
		906209A11D9BC8D300ADA25A /* Recipez.app */ = {isa = PBXFileReference; explicitFileType = wrapper.application; includeInIndex = 0; path = Recipez.app; sourceTree = BUILT_PRODUCTS_DIR; };
		906209A41D9BC8D300ADA25A /* AppDelegate.swift */ = {isa = PBXFileReference; lastKnownFileType = sourcecode.swift; path = AppDelegate.swift; sourceTree = "<group>"; };
		906209A61D9BC8D300ADA25A /* ViewController.swift */ = {isa = PBXFileReference; lastKnownFileType = sourcecode.swift; path = ViewController.swift; sourceTree = "<group>"; };
		906209A91D9BC8D300ADA25A /* Base */ = {isa = PBXFileReference; lastKnownFileType = file.storyboard; name = Base; path = Base.lproj/Main.storyboard; sourceTree = "<group>"; };
		906209AC1D9BC8D300ADA25A /* Recipez.xcdatamodel */ = {isa = PBXFileReference; lastKnownFileType = wrapper.xcdatamodel; path = Recipez.xcdatamodel; sourceTree = "<group>"; };
		906209AE1D9BC8D300ADA25A /* Assets.xcassets */ = {isa = PBXFileReference; lastKnownFileType = folder.assetcatalog; path = Assets.xcassets; sourceTree = "<group>"; };
		906209B11D9BC8D300ADA25A /* Base */ = {isa = PBXFileReference; lastKnownFileType = file.storyboard; name = Base; path = Base.lproj/LaunchScreen.storyboard; sourceTree = "<group>"; };
		906209B31D9BC8D300ADA25A /* Info.plist */ = {isa = PBXFileReference; lastKnownFileType = text.plist.xml; path = Info.plist; sourceTree = "<group>"; };
		906209BC1D9BD5B200ADA25A /* Recipe+CoreDataProperties.swift */ = {isa = PBXFileReference; fileEncoding = 4; lastKnownFileType = sourcecode.swift; name = "Recipe+CoreDataProperties.swift"; path = "../Recipe+CoreDataProperties.swift"; sourceTree = "<group>"; };
		906209BD1D9BD5B200ADA25A /* Recipe.swift */ = {isa = PBXFileReference; fileEncoding = 4; lastKnownFileType = sourcecode.swift; name = Recipe.swift; path = ../Recipe.swift; sourceTree = "<group>"; };
		906209C01D9BD89000ADA25A /* RecipeCell.swift */ = {isa = PBXFileReference; fileEncoding = 4; lastKnownFileType = sourcecode.swift; path = RecipeCell.swift; sourceTree = "<group>"; };
		906209C21D9BE04600ADA25A /* CreateRecipeVC.swift */ = {isa = PBXFileReference; fileEncoding = 4; lastKnownFileType = sourcecode.swift; path = CreateRecipeVC.swift; sourceTree = "<group>"; };
/* End PBXFileReference section */

/* Begin PBXFrameworksBuildPhase section */
		9062099E1D9BC8D300ADA25A /* Frameworks */ = {
			isa = PBXFrameworksBuildPhase;
			buildActionMask = 2147483647;
			files = (
			);
			runOnlyForDeploymentPostprocessing = 0;
		};
/* End PBXFrameworksBuildPhase section */

/* Begin PBXGroup section */
		906209981D9BC8D300ADA25A = {
			isa = PBXGroup;
			children = (
				906209A31D9BC8D300ADA25A /* Recipez */,
				906209A21D9BC8D300ADA25A /* Products */,
			);
			sourceTree = "<group>";
		};
		906209A21D9BC8D300ADA25A /* Products */ = {
			isa = PBXGroup;
			children = (
				906209A11D9BC8D300ADA25A /* Recipez.app */,
			);
			name = Products;
			sourceTree = "<group>";
		};
		906209A31D9BC8D300ADA25A /* Recipez */ = {
			isa = PBXGroup;
			children = (
				906209BB1D9BD4F300ADA25A /* Controller */,
				906209BA1D9BD4EE00ADA25A /* View */,
				906209B91D9BD4E800ADA25A /* Model */,
				906209A41D9BC8D300ADA25A /* AppDelegate.swift */,
				906209A81D9BC8D300ADA25A /* Main.storyboard */,
				906209AE1D9BC8D300ADA25A /* Assets.xcassets */,
				906209B01D9BC8D300ADA25A /* LaunchScreen.storyboard */,
				906209B31D9BC8D300ADA25A /* Info.plist */,
				906209AB1D9BC8D300ADA25A /* Recipez.xcdatamodeld */,
			);
			path = Recipez;
			sourceTree = "<group>";
		};
		906209B91D9BD4E800ADA25A /* Model */ = {
			isa = PBXGroup;
			children = (
				906209BC1D9BD5B200ADA25A /* Recipe+CoreDataProperties.swift */,
				906209BD1D9BD5B200ADA25A /* Recipe.swift */,
			);
			name = Model;
			sourceTree = "<group>";
		};
		906209BA1D9BD4EE00ADA25A /* View */ = {
			isa = PBXGroup;
			children = (
				906209C01D9BD89000ADA25A /* RecipeCell.swift */,
			);
			name = View;
			sourceTree = "<group>";
		};
		906209BB1D9BD4F300ADA25A /* Controller */ = {
			isa = PBXGroup;
			children = (
				906209A61D9BC8D300ADA25A /* ViewController.swift */,
				906209C21D9BE04600ADA25A /* CreateRecipeVC.swift */,
			);
			name = Controller;
			sourceTree = "<group>";
		};
/* End PBXGroup section */

/* Begin PBXNativeTarget section */
		906209A01D9BC8D300ADA25A /* Recipez */ = {
			isa = PBXNativeTarget;
			buildConfigurationList = 906209B61D9BC8D300ADA25A /* Build configuration list for PBXNativeTarget "Recipez" */;
			buildPhases = (
				9062099D1D9BC8D300ADA25A /* Sources */,
				9062099E1D9BC8D300ADA25A /* Frameworks */,
				9062099F1D9BC8D300ADA25A /* Resources */,
			);
			buildRules = (
			);
			dependencies = (
			);
			name = Recipez;
			productName = Recipez;
			productReference = 906209A11D9BC8D300ADA25A /* Recipez.app */;
			productType = "com.apple.product-type.application";
		};
/* End PBXNativeTarget section */

/* Begin PBXProject section */
		906209991D9BC8D300ADA25A /* Project object */ = {
			isa = PBXProject;
			attributes = {
				LastSwiftUpdateCheck = 0730;
				LastUpgradeCheck = 0730;
				ORGANIZATIONNAME = "Foster Inc.";
				TargetAttributes = {
					906209A01D9BC8D300ADA25A = {
						CreatedOnToolsVersion = 7.3.1;
					};
				};
			};
			buildConfigurationList = 9062099C1D9BC8D300ADA25A /* Build configuration list for PBXProject "Recipez" */;
			compatibilityVersion = "Xcode 3.2";
			developmentRegion = English;
			hasScannedForEncodings = 0;
			knownRegions = (
				en,
				Base,
			);
			mainGroup = 906209981D9BC8D300ADA25A;
			productRefGroup = 906209A21D9BC8D300ADA25A /* Products */;
			projectDirPath = "";
			projectRoot = "";
			targets = (
				906209A01D9BC8D300ADA25A /* Recipez */,
			);
		};
/* End PBXProject section */

/* Begin PBXResourcesBuildPhase section */
		9062099F1D9BC8D300ADA25A /* Resources */ = {
			isa = PBXResourcesBuildPhase;
			buildActionMask = 2147483647;
			files = (
				906209B21D9BC8D300ADA25A /* LaunchScreen.storyboard in Resources */,
				906209AF1D9BC8D300ADA25A /* Assets.xcassets in Resources */,
				906209AA1D9BC8D300ADA25A /* Main.storyboard in Resources */,
			);
			runOnlyForDeploymentPostprocessing = 0;
		};
/* End PBXResourcesBuildPhase section */

/* Begin PBXSourcesBuildPhase section */
		9062099D1D9BC8D300ADA25A /* Sources */ = {
			isa = PBXSourcesBuildPhase;
			buildActionMask = 2147483647;
			files = (
				906209A71D9BC8D300ADA25A /* ViewController.swift in Sources */,
				906209BE1D9BD5B200ADA25A /* Recipe+CoreDataProperties.swift in Sources */,
				906209A51D9BC8D300ADA25A /* AppDelegate.swift in Sources */,
				906209C11D9BD89000ADA25A /* RecipeCell.swift in Sources */,
				906209C31D9BE04600ADA25A /* CreateRecipeVC.swift in Sources */,
				906209AD1D9BC8D300ADA25A /* Recipez.xcdatamodeld in Sources */,
				906209BF1D9BD5B200ADA25A /* Recipe.swift in Sources */,
			);
			runOnlyForDeploymentPostprocessing = 0;
		};
/* End PBXSourcesBuildPhase section */

/* Begin PBXVariantGroup section */
		906209A81D9BC8D300ADA25A /* Main.storyboard */ = {
			isa = PBXVariantGroup;
			children = (
				906209A91D9BC8D300ADA25A /* Base */,
			);
			name = Main.storyboard;
			sourceTree = "<group>";
		};
		906209B01D9BC8D300ADA25A /* LaunchScreen.storyboard */ = {
			isa = PBXVariantGroup;
			children = (
				906209B11D9BC8D300ADA25A /* Base */,
			);
			name = LaunchScreen.storyboard;
			sourceTree = "<group>";
		};
/* End PBXVariantGroup section */

/* Begin XCBuildConfiguration section */
		906209B41D9BC8D300ADA25A /* Debug */ = {
			isa = XCBuildConfiguration;
			buildSettings = {
				ALWAYS_SEARCH_USER_PATHS = NO;
				CLANG_ANALYZER_NONNULL = YES;
				CLANG_CXX_LANGUAGE_STANDARD = "gnu++0x";
				CLANG_CXX_LIBRARY = "libc++";
				CLANG_ENABLE_MODULES = YES;
				CLANG_ENABLE_OBJC_ARC = YES;
				CLANG_WARN_BOOL_CONVERSION = YES;
				CLANG_WARN_CONSTANT_CONVERSION = YES;
				CLANG_WARN_DIRECT_OBJC_ISA_USAGE = YES_ERROR;
				CLANG_WARN_EMPTY_BODY = YES;
				CLANG_WARN_ENUM_CONVERSION = YES;
				CLANG_WARN_INT_CONVERSION = YES;
				CLANG_WARN_OBJC_ROOT_CLASS = YES_ERROR;
				CLANG_WARN_UNREACHABLE_CODE = YES;
				CLANG_WARN__DUPLICATE_METHOD_MATCH = YES;
				"CODE_SIGN_IDENTITY[sdk=iphoneos*]" = "iPhone Developer";
				COPY_PHASE_STRIP = NO;
				DEBUG_INFORMATION_FORMAT = dwarf;
				ENABLE_STRICT_OBJC_MSGSEND = YES;
				ENABLE_TESTABILITY = YES;
				GCC_C_LANGUAGE_STANDARD = gnu99;
				GCC_DYNAMIC_NO_PIC = NO;
				GCC_NO_COMMON_BLOCKS = YES;
				GCC_OPTIMIZATION_LEVEL = 0;
				GCC_PREPROCESSOR_DEFINITIONS = (
					"DEBUG=1",
					"$(inherited)",
				);
				GCC_WARN_64_TO_32_BIT_CONVERSION = YES;
				GCC_WARN_ABOUT_RETURN_TYPE = YES_ERROR;
				GCC_WARN_UNDECLARED_SELECTOR = YES;
				GCC_WARN_UNINITIALIZED_AUTOS = YES_AGGRESSIVE;
				GCC_WARN_UNUSED_FUNCTION = YES;
				GCC_WARN_UNUSED_VARIABLE = YES;
				IPHONEOS_DEPLOYMENT_TARGET = 9.3;
				MTL_ENABLE_DEBUG_INFO = YES;
				ONLY_ACTIVE_ARCH = YES;
				SDKROOT = iphoneos;
				SWIFT_OPTIMIZATION_LEVEL = "-Onone";
				TARGETED_DEVICE_FAMILY = "1,2";
			};
			name = Debug;
		};
		906209B51D9BC8D300ADA25A /* Release */ = {
			isa = XCBuildConfiguration;
			buildSettings = {
				ALWAYS_SEARCH_USER_PATHS = NO;
				CLANG_ANALYZER_NONNULL = YES;
				CLANG_CXX_LANGUAGE_STANDARD = "gnu++0x";
				CLANG_CXX_LIBRARY = "libc++";
				CLANG_ENABLE_MODULES = YES;
				CLANG_ENABLE_OBJC_ARC = YES;
				CLANG_WARN_BOOL_CONVERSION = YES;
				CLANG_WARN_CONSTANT_CONVERSION = YES;
				CLANG_WARN_DIRECT_OBJC_ISA_USAGE = YES_ERROR;
				CLANG_WARN_EMPTY_BODY = YES;
				CLANG_WARN_ENUM_CONVERSION = YES;
				CLANG_WARN_INT_CONVERSION = YES;
				CLANG_WARN_OBJC_ROOT_CLASS = YES_ERROR;
				CLANG_WARN_UNREACHABLE_CODE = YES;
				CLANG_WARN__DUPLICATE_METHOD_MATCH = YES;
				"CODE_SIGN_IDENTITY[sdk=iphoneos*]" = "iPhone Developer";
				COPY_PHASE_STRIP = NO;
				DEBUG_INFORMATION_FORMAT = "dwarf-with-dsym";
				ENABLE_NS_ASSERTIONS = NO;
				ENABLE_STRICT_OBJC_MSGSEND = YES;
				GCC_C_LANGUAGE_STANDARD = gnu99;
				GCC_NO_COMMON_BLOCKS = YES;
				GCC_WARN_64_TO_32_BIT_CONVERSION = YES;
				GCC_WARN_ABOUT_RETURN_TYPE = YES_ERROR;
				GCC_WARN_UNDECLARED_SELECTOR = YES;
				GCC_WARN_UNINITIALIZED_AUTOS = YES_AGGRESSIVE;
				GCC_WARN_UNUSED_FUNCTION = YES;
				GCC_WARN_UNUSED_VARIABLE = YES;
				IPHONEOS_DEPLOYMENT_TARGET = 9.3;
				MTL_ENABLE_DEBUG_INFO = NO;
				SDKROOT = iphoneos;
				TARGETED_DEVICE_FAMILY = "1,2";
				VALIDATE_PRODUCT = YES;
			};
			name = Release;
		};
		906209B71D9BC8D300ADA25A /* Debug */ = {
			isa = XCBuildConfiguration;
			buildSettings = {
				ASSETCATALOG_COMPILER_APPICON_NAME = AppIcon;
				INFOPLIST_FILE = Recipez/Info.plist;
				LD_RUNPATH_SEARCH_PATHS = "$(inherited) @executable_path/Frameworks";
				PRODUCT_BUNDLE_IDENTIFIER = "com.Foster-Inc..Recipez";
				PRODUCT_NAME = "$(TARGET_NAME)";
			};
			name = Debug;
		};
		906209B81D9BC8D300ADA25A /* Release */ = {
			isa = XCBuildConfiguration;
			buildSettings = {
				ASSETCATALOG_COMPILER_APPICON_NAME = AppIcon;
				INFOPLIST_FILE = Recipez/Info.plist;
				LD_RUNPATH_SEARCH_PATHS = "$(inherited) @executable_path/Frameworks";
				PRODUCT_BUNDLE_IDENTIFIER = "com.Foster-Inc..Recipez";
				PRODUCT_NAME = "$(TARGET_NAME)";
			};
			name = Release;
		};
/* End XCBuildConfiguration section */

/* Begin XCConfigurationList section */
		9062099C1D9BC8D300ADA25A /* Build configuration list for PBXProject "Recipez" */ = {
			isa = XCConfigurationList;
			buildConfigurations = (
				906209B41D9BC8D300ADA25A /* Debug */,
				906209B51D9BC8D300ADA25A /* Release */,
			);
			defaultConfigurationIsVisible = 0;
			defaultConfigurationName = Release;
		};
		906209B61D9BC8D300ADA25A /* Build configuration list for PBXNativeTarget "Recipez" */ = {
			isa = XCConfigurationList;
			buildConfigurations = (
				906209B71D9BC8D300ADA25A /* Debug */,
				906209B81D9BC8D300ADA25A /* Release */,
			);
			defaultConfigurationIsVisible = 0;
		};
/* End XCConfigurationList section */

/* Begin XCVersionGroup section */
		906209AB1D9BC8D300ADA25A /* Recipez.xcdatamodeld */ = {
			isa = XCVersionGroup;
			children = (
				906209AC1D9BC8D300ADA25A /* Recipez.xcdatamodel */,
			);
			currentVersion = 906209AC1D9BC8D300ADA25A /* Recipez.xcdatamodel */;
			path = Recipez.xcdatamodeld;
			sourceTree = "<group>";
			versionGroupType = wrapper.xcdatamodel;
		};
/* End XCVersionGroup section */
	};
	rootObject = 906209991D9BC8D300ADA25A /* Project object */;
}
